{
    "_readme": [
        "This file locks the dependencies of your project to a known state",
        "Read more about it at https://getcomposer.org/doc/01-basic-usage.md#composer-lock-the-lock-file",
        "This file is @generated automatically"
    ],
    "hash": "82113d03c75728ba2b3197b61ffbb3bb",
    "content-hash": "3720fe03732a00e0a8e8f00dbad69e23",
    "packages": [
        {
            "name": "bower-asset/cornernote-ace",
            "version": "1.0.1",
            "source": {
                "type": "git",
                "url": "https://github.com/cornernote/ace.git",
                "reference": "e39a3d29b7e33e5caf032221a3ab37de2e552b17"
            },
            "dist": {
                "type": "zip",
                "url": "https://api.github.com/repos/cornernote/ace/zipball/e39a3d29b7e33e5caf032221a3ab37de2e552b17",
                "reference": "e39a3d29b7e33e5caf032221a3ab37de2e552b17",
                "shasum": ""
            },
            "type": "bower-asset-library",
            "extra": {
                "bower-asset-main": "assets/css/ace.min.css",
                "bower-asset-ignore": [
                    "**/.*",
                    "node_modules",
                    "bower_components",
                    "vendor/bower",
                    "test",
                    "tests"
                ]
            },
            "license": [
                "MIT"
            ],
            "description": "Twitter bootstrap 3 admin template",
            "keywords": [
                "ace",
                "theme"
            ]
        }
    ],
    "packages-dev": [],
    "aliases": [],
    "minimum-stability": "stable",
    "stability-flags": [],
    "prefer-stable": false,
    "prefer-lowest": false,
    "platform": [],
    "platform-dev": []
}
